
Microsoft Visual Studio Solution File, Format Version 12.00
# Visual Studio 15
VisualStudioVersion = 15.0.28307.779
MinimumVisualStudioVersion = 10.0.40219.1
Project("{9A19103F-16F7-4668-BE54-9A1E7A4F7556}") = "ConfigurationService.Processor", "ConfigurationService.Processor\ConfigurationService.Processor.csproj", "{A54ACF5B-0478-443E-BB99-36D486F0BEF2}"
EndProject
Project("{9A19103F-16F7-4668-BE54-9A1E7A4F7556}") = "ConfigurationService.Data", "ConfigurationService.Data\ConfigurationService.Data.csproj", "{FC0C2BD2-967F-4DF4-BCD2-F29F32C47545}"
EndProject
Project("{FAE04EC0-301F-11D3-BF4B-00C04F79EFBC}") = "Service-A.Test", "Service-A.Test\Service-A.Test.csproj", "{53F01D3F-D06F-4EBB-8068-57BB6B8F655D}"
EndProject
Project("{9A19103F-16F7-4668-BE54-9A1E7A4F7556}") = "ConfigurationService.Library", "ConfigurationService.Library\ConfigurationService.Library.csproj", "{71F530A1-0248-4539-83A0-5EC5AAB13D19}"
EndProject
Global
	GlobalSection(SolutionConfigurationPlatforms) = preSolution
		Debug|Any CPU = Debug|Any CPU
		Release|Any CPU = Release|Any CPU
	EndGlobalSection
	GlobalSection(ProjectConfigurationPlatforms) = postSolution
		{A54ACF5B-0478-443E-BB99-36D486F0BEF2}.Debug|Any CPU.ActiveCfg = Debug|Any CPU
		{A54ACF5B-0478-443E-BB99-36D486F0BEF2}.Debug|Any CPU.Build.0 = Debug|Any CPU
		{A54ACF5B-0478-443E-BB99-36D486F0BEF2}.Release|Any CPU.ActiveCfg = Release|Any CPU
		{A54ACF5B-0478-443E-BB99-36D486F0BEF2}.Release|Any CPU.Build.0 = Release|Any CPU
		{FC0C2BD2-967F-4DF4-BCD2-F29F32C47545}.Debug|Any CPU.ActiveCfg = Debug|Any CPU
		{FC0C2BD2-967F-4DF4-BCD2-F29F32C47545}.Debug|Any CPU.Build.0 = Debug|Any CPU
		{FC0C2BD2-967F-4DF4-BCD2-F29F32C47545}.Release|Any CPU.ActiveCfg = Release|Any CPU
		{FC0C2BD2-967F-4DF4-BCD2-F29F32C47545}.Release|Any CPU.Build.0 = Release|Any CPU
		{53F01D3F-D06F-4EBB-8068-57BB6B8F655D}.Debug|Any CPU.ActiveCfg = Debug|Any CPU
		{53F01D3F-D06F-4EBB-8068-57BB6B8F655D}.Debug|Any CPU.Build.0 = Debug|Any CPU
		{53F01D3F-D06F-4EBB-8068-57BB6B8F655D}.Release|Any CPU.ActiveCfg = Release|Any CPU
		{53F01D3F-D06F-4EBB-8068-57BB6B8F655D}.Release|Any CPU.Build.0 = Release|Any CPU
		{71F530A1-0248-4539-83A0-5EC5AAB13D19}.Debug|Any CPU.ActiveCfg = Debug|Any CPU
		{71F530A1-0248-4539-83A0-5EC5AAB13D19}.Debug|Any CPU.Build.0 = Debug|Any CPU
		{71F530A1-0248-4539-83A0-5EC5AAB13D19}.Release|Any CPU.ActiveCfg = Release|Any CPU
		{71F530A1-0248-4539-83A0-5EC5AAB13D19}.Release|Any CPU.Build.0 = Release|Any CPU
	EndGlobalSection
	GlobalSection(SolutionProperties) = preSolution
		HideSolutionNode = FALSE
	EndGlobalSection
	GlobalSection(ExtensibilityGlobals) = postSolution
		SolutionGuid = {D5AD0CCD-82BC-4A3B-9EF6-EA3001792250}
	EndGlobalSection
EndGlobal
